
Microsoft Visual Studio Solution File, Format Version 12.00
# Visual Studio Version 17
VisualStudioVersion = 17.4.33110.190
MinimumVisualStudioVersion = 10.0.40219.1
Project("{FAE04EC0-301F-11D3-BF4B-00C04F79EFBC}") = "WebApplication", "WebApplication\WebApplication.csproj", "{0D45CA3B-0554-42BE-BC63-85CBF20D9535}"
EndProject
Project("{FAE04EC0-301F-11D3-BF4B-00C04F79EFBC}") = "Crypt", "Crypt\Crypt.csproj", "{723E768B-8DD2-4626-BD73-9746F438D23F}"
EndProject
Global
	GlobalSection(SolutionConfigurationPlatforms) = preSolution
		Debug|Any CPU = Debug|Any CPU
		Release|Any CPU = Release|Any CPU
	EndGlobalSection
	GlobalSection(ProjectConfigurationPlatforms) = postSolution
		{0D45CA3B-0554-42BE-BC63-85CBF20D9535}.Debug|Any CPU.ActiveCfg = Debug|Any CPU
		{0D45CA3B-0554-42BE-BC63-85CBF20D9535}.Debug|Any CPU.Build.0 = Debug|Any CPU
		{0D45CA3B-0554-42BE-BC63-85CBF20D9535}.Release|Any CPU.ActiveCfg = Release|Any CPU
		{0D45CA3B-0554-42BE-BC63-85CBF20D9535}.Release|Any CPU.Build.0 = Release|Any CPU
		{723E768B-8DD2-4626-BD73-9746F438D23F}.Debug|Any CPU.ActiveCfg = Debug|Any CPU
		{723E768B-8DD2-4626-BD73-9746F438D23F}.Debug|Any CPU.Build.0 = Debug|Any CPU
		{723E768B-8DD2-4626-BD73-9746F438D23F}.Release|Any CPU.ActiveCfg = Release|Any CPU
		{723E768B-8DD2-4626-BD73-9746F438D23F}.Release|Any CPU.Build.0 = Release|Any CPU
	EndGlobalSection
	GlobalSection(SolutionProperties) = preSolution
		HideSolutionNode = FALSE
	EndGlobalSection
	GlobalSection(ExtensibilityGlobals) = postSolution
		SolutionGuid = {F158E99B-447A-4930-BD77-BCCA2203B912}
	EndGlobalSection
EndGlobal
